
Microsoft Visual Studio Solution File, Format Version 12.00
# Visual Studio Version 16
VisualStudioVersion = 16.0.30804.86
MinimumVisualStudioVersion = 10.0.40219.1
Project("{8BC9CEB8-8B4A-11D0-8D11-00A0C91BC942}") = "OpenGLCourseApp", "OpenGLCourseApp\OpenGLCourseApp.vcxproj", "{8F630067-2503-47EC-B224-3E6F5A9202F0}"
EndProject
Global
	GlobalSection(SolutionConfigurationPlatforms) = preSolution
		Debug|x64 = Debug|x64
		Debug|x86 = Debug|x86
		Release|x64 = Release|x64
		Release|x86 = Release|x86
	EndGlobalSection
	GlobalSection(ProjectConfigurationPlatforms) = postSolution
		{8F630067-2503-47EC-B224-3E6F5A9202F0}.Debug|x64.ActiveCfg = Debug|x64
		{8F630067-2503-47EC-B224-3E6F5A9202F0}.Debug|x64.Build.0 = Debug|x64
		{8F630067-2503-47EC-B224-3E6F5A9202F0}.Debug|x86.ActiveCfg = Debug|Win32
		{8F630067-2503-47EC-B224-3E6F5A9202F0}.Debug|x86.Build.0 = Debug|Win32
		{8F630067-2503-47EC-B224-3E6F5A9202F0}.Release|x64.ActiveCfg = Release|x64
		{8F630067-2503-47EC-B224-3E6F5A9202F0}.Release|x64.Build.0 = Release|x64
		{8F630067-2503-47EC-B224-3E6F5A9202F0}.Release|x86.ActiveCfg = Release|Win32
		{8F630067-2503-47EC-B224-3E6F5A9202F0}.Release|x86.Build.0 = Release|Win32
	EndGlobalSection
	GlobalSection(SolutionProperties) = preSolution
		HideSolutionNode = FALSE
	EndGlobalSection
	GlobalSection(ExtensibilityGlobals) = postSolution
		SolutionGuid = {3EFB576A-C261-43A7-825C-01422A7EF9F2}
	EndGlobalSection
EndGlobal
